
Microsoft Visual Studio Solution File, Format Version 12.00
# Visual Studio Version 17
VisualStudioVersion = 17.4.33103.184
MinimumVisualStudioVersion = 10.0.40219.1
Project("{8BC9CEB8-8B4A-11D0-8D11-00A0C91BC942}") = "Bai01", "Bai01\Bai01.vcxproj", "{447AE88A-9E30-4749-AEDC-80F6FA7289A1}"
EndProject
Project("{8BC9CEB8-8B4A-11D0-8D11-00A0C91BC942}") = "Bai02", "Bai02\Bai02.vcxproj", "{50FB0FAE-3F70-4467-84DD-7048A49A4237}"
EndProject
Project("{8BC9CEB8-8B4A-11D0-8D11-00A0C91BC942}") = "Bai03", "Bai03\Bai03.vcxproj", "{893C5781-EBEE-413B-8EE7-893CBB9B1BE0}"
EndProject
Project("{8BC9CEB8-8B4A-11D0-8D11-00A0C91BC942}") = "Bai04", "Bai04\Bai04.vcxproj", "{1D38FB3D-5EBC-4C1C-9DB2-3C90FFC68808}"
EndProject
Global
	GlobalSection(SolutionConfigurationPlatforms) = preSolution
		Debug|x64 = Debug|x64
		Debug|x86 = Debug|x86
		Release|x64 = Release|x64
		Release|x86 = Release|x86
	EndGlobalSection
	GlobalSection(ProjectConfigurationPlatforms) = postSolution
		{447AE88A-9E30-4749-AEDC-80F6FA7289A1}.Debug|x64.ActiveCfg = Debug|x64
		{447AE88A-9E30-4749-AEDC-80F6FA7289A1}.Debug|x64.Build.0 = Debug|x64
		{447AE88A-9E30-4749-AEDC-80F6FA7289A1}.Debug|x86.ActiveCfg = Debug|Win32
		{447AE88A-9E30-4749-AEDC-80F6FA7289A1}.Debug|x86.Build.0 = Debug|Win32
		{447AE88A-9E30-4749-AEDC-80F6FA7289A1}.Release|x64.ActiveCfg = Release|x64
		{447AE88A-9E30-4749-AEDC-80F6FA7289A1}.Release|x64.Build.0 = Release|x64
		{447AE88A-9E30-4749-AEDC-80F6FA7289A1}.Release|x86.ActiveCfg = Release|Win32
		{447AE88A-9E30-4749-AEDC-80F6FA7289A1}.Release|x86.Build.0 = Release|Win32
		{50FB0FAE-3F70-4467-84DD-7048A49A4237}.Debug|x64.ActiveCfg = Debug|x64
		{50FB0FAE-3F70-4467-84DD-7048A49A4237}.Debug|x64.Build.0 = Debug|x64
		{50FB0FAE-3F70-4467-84DD-7048A49A4237}.Debug|x86.ActiveCfg = Debug|Win32
		{50FB0FAE-3F70-4467-84DD-7048A49A4237}.Debug|x86.Build.0 = Debug|Win32
		{50FB0FAE-3F70-4467-84DD-7048A49A4237}.Release|x64.ActiveCfg = Release|x64
		{50FB0FAE-3F70-4467-84DD-7048A49A4237}.Release|x64.Build.0 = Release|x64
		{50FB0FAE-3F70-4467-84DD-7048A49A4237}.Release|x86.ActiveCfg = Release|Win32
		{50FB0FAE-3F70-4467-84DD-7048A49A4237}.Release|x86.Build.0 = Release|Win32
		{893C5781-EBEE-413B-8EE7-893CBB9B1BE0}.Debug|x64.ActiveCfg = Debug|x64
		{893C5781-EBEE-413B-8EE7-893CBB9B1BE0}.Debug|x64.Build.0 = Debug|x64
		{893C5781-EBEE-413B-8EE7-893CBB9B1BE0}.Debug|x86.ActiveCfg = Debug|Win32
		{893C5781-EBEE-413B-8EE7-893CBB9B1BE0}.Debug|x86.Build.0 = Debug|Win32
		{893C5781-EBEE-413B-8EE7-893CBB9B1BE0}.Release|x64.ActiveCfg = Release|x64
		{893C5781-EBEE-413B-8EE7-893CBB9B1BE0}.Release|x64.Build.0 = Release|x64
		{893C5781-EBEE-413B-8EE7-893CBB9B1BE0}.Release|x86.ActiveCfg = Release|Win32
		{893C5781-EBEE-413B-8EE7-893CBB9B1BE0}.Release|x86.Build.0 = Release|Win32
		{1D38FB3D-5EBC-4C1C-9DB2-3C90FFC68808}.Debug|x64.ActiveCfg = Debug|x64
		{1D38FB3D-5EBC-4C1C-9DB2-3C90FFC68808}.Debug|x64.Build.0 = Debug|x64
		{1D38FB3D-5EBC-4C1C-9DB2-3C90FFC68808}.Debug|x86.ActiveCfg = Debug|Win32
		{1D38FB3D-5EBC-4C1C-9DB2-3C90FFC68808}.Debug|x86.Build.0 = Debug|Win32
		{1D38FB3D-5EBC-4C1C-9DB2-3C90FFC68808}.Release|x64.ActiveCfg = Release|x64
		{1D38FB3D-5EBC-4C1C-9DB2-3C90FFC68808}.Release|x64.Build.0 = Release|x64
		{1D38FB3D-5EBC-4C1C-9DB2-3C90FFC68808}.Release|x86.ActiveCfg = Release|Win32
		{1D38FB3D-5EBC-4C1C-9DB2-3C90FFC68808}.Release|x86.Build.0 = Release|Win32
	EndGlobalSection
	GlobalSection(SolutionProperties) = preSolution
		HideSolutionNode = FALSE
	EndGlobalSection
	GlobalSection(ExtensibilityGlobals) = postSolution
		SolutionGuid = {26FBFCCF-C247-4498-9A2F-B8F7CB94F78B}
	EndGlobalSection
EndGlobal
